
Microsoft Visual Studio Solution File, Format Version 12.00
Project("{F2A71F9B-5D33-465A-A702-920D77279786}") = "BotMichael.Bot", "src\BotMichael.Bot\BotMichael.Bot.fsproj", "{DE4F74B9-279D-4D74-AD61-578237BCA2AB}"
EndProject
Project("{F2A71F9B-5D33-465A-A702-920D77279786}") = "BotMichael.Host", "src\BotMichael.Host\BotMichael.Host.fsproj", "{B6720FC0-81EB-43D1-9F6F-D72B3A383357}"
EndProject
Global
	GlobalSection(SolutionConfigurationPlatforms) = preSolution
		Debug|Any CPU = Debug|Any CPU
		Release|Any CPU = Release|Any CPU
	EndGlobalSection
	GlobalSection(ProjectConfigurationPlatforms) = postSolution
		{DE4F74B9-279D-4D74-AD61-578237BCA2AB}.Debug|Any CPU.ActiveCfg = Debug|Any CPU
		{DE4F74B9-279D-4D74-AD61-578237BCA2AB}.Debug|Any CPU.Build.0 = Debug|Any CPU
		{DE4F74B9-279D-4D74-AD61-578237BCA2AB}.Release|Any CPU.ActiveCfg = Release|Any CPU
		{DE4F74B9-279D-4D74-AD61-578237BCA2AB}.Release|Any CPU.Build.0 = Release|Any CPU
		{B6720FC0-81EB-43D1-9F6F-D72B3A383357}.Debug|Any CPU.ActiveCfg = Debug|Any CPU
		{B6720FC0-81EB-43D1-9F6F-D72B3A383357}.Debug|Any CPU.Build.0 = Debug|Any CPU
		{B6720FC0-81EB-43D1-9F6F-D72B3A383357}.Release|Any CPU.ActiveCfg = Release|Any CPU
		{B6720FC0-81EB-43D1-9F6F-D72B3A383357}.Release|Any CPU.Build.0 = Release|Any CPU
	EndGlobalSection
	GlobalSection(NestedProjects) = preSolution
	EndGlobalSection
EndGlobal
